
Microsoft Visual Studio Solution File, Format Version 12.00
# Visual Studio Version 16
VisualStudioVersion = 16.0.30709.132
MinimumVisualStudioVersion = 10.0.40219.1
Project("{FAE04EC0-301F-11D3-BF4B-00C04F79EFBC}") = "Ex1", "Ex1\Ex1.csproj", "{632F2173-14C1-4A72-8393-84582A08F2AF}"
EndProject
Project("{FAE04EC0-301F-11D3-BF4B-00C04F79EFBC}") = "Ex2", "Ex2\Ex2.csproj", "{32B8BB17-1E7B-4138-8729-584CE23226F8}"
EndProject
Project("{FAE04EC0-301F-11D3-BF4B-00C04F79EFBC}") = "Ex3", "Ex3\Ex3.csproj", "{A794A5EE-7A02-42A4-8667-E059E12E549A}"
EndProject
Project("{FAE04EC0-301F-11D3-BF4B-00C04F79EFBC}") = "Ex4", "Ex4\Ex4.csproj", "{8E236788-DD1E-46D3-A99E-545042E424CB}"
EndProject
Project("{FAE04EC0-301F-11D3-BF4B-00C04F79EFBC}") = "HomeworkTask1", "HomeworkTask1\HomeworkTask1.csproj", "{AAF8F91C-444A-4771-A3C1-223296994A71}"
EndProject
Project("{9A19103F-16F7-4668-BE54-9A1E7A4F7556}") = "HomeworkTask2", "HomeworkTask2\HomeworkTask2.csproj", "{190F4BAF-9C1B-490F-A95A-47A1851434C3}"
EndProject
Project("{FAE04EC0-301F-11D3-BF4B-00C04F79EFBC}") = "HomeworkTask3", "HomeworkTask3\HomeworkTask3.csproj", "{815094B1-E88A-462D-A0E8-948DB21BAF24}"
EndProject
Global
	GlobalSection(SolutionConfigurationPlatforms) = preSolution
		Debug|Any CPU = Debug|Any CPU
		Release|Any CPU = Release|Any CPU
	EndGlobalSection
	GlobalSection(ProjectConfigurationPlatforms) = postSolution
		{632F2173-14C1-4A72-8393-84582A08F2AF}.Debug|Any CPU.ActiveCfg = Debug|Any CPU
		{632F2173-14C1-4A72-8393-84582A08F2AF}.Debug|Any CPU.Build.0 = Debug|Any CPU
		{632F2173-14C1-4A72-8393-84582A08F2AF}.Release|Any CPU.ActiveCfg = Release|Any CPU
		{632F2173-14C1-4A72-8393-84582A08F2AF}.Release|Any CPU.Build.0 = Release|Any CPU
		{32B8BB17-1E7B-4138-8729-584CE23226F8}.Debug|Any CPU.ActiveCfg = Debug|Any CPU
		{32B8BB17-1E7B-4138-8729-584CE23226F8}.Debug|Any CPU.Build.0 = Debug|Any CPU
		{32B8BB17-1E7B-4138-8729-584CE23226F8}.Release|Any CPU.ActiveCfg = Release|Any CPU
		{32B8BB17-1E7B-4138-8729-584CE23226F8}.Release|Any CPU.Build.0 = Release|Any CPU
		{A794A5EE-7A02-42A4-8667-E059E12E549A}.Debug|Any CPU.ActiveCfg = Debug|Any CPU
		{A794A5EE-7A02-42A4-8667-E059E12E549A}.Debug|Any CPU.Build.0 = Debug|Any CPU
		{A794A5EE-7A02-42A4-8667-E059E12E549A}.Release|Any CPU.ActiveCfg = Release|Any CPU
		{A794A5EE-7A02-42A4-8667-E059E12E549A}.Release|Any CPU.Build.0 = Release|Any CPU
		{8E236788-DD1E-46D3-A99E-545042E424CB}.Debug|Any CPU.ActiveCfg = Debug|Any CPU
		{8E236788-DD1E-46D3-A99E-545042E424CB}.Debug|Any CPU.Build.0 = Debug|Any CPU
		{8E236788-DD1E-46D3-A99E-545042E424CB}.Release|Any CPU.ActiveCfg = Release|Any CPU
		{8E236788-DD1E-46D3-A99E-545042E424CB}.Release|Any CPU.Build.0 = Release|Any CPU
		{AAF8F91C-444A-4771-A3C1-223296994A71}.Debug|Any CPU.ActiveCfg = Debug|Any CPU
		{AAF8F91C-444A-4771-A3C1-223296994A71}.Debug|Any CPU.Build.0 = Debug|Any CPU
		{AAF8F91C-444A-4771-A3C1-223296994A71}.Release|Any CPU.ActiveCfg = Release|Any CPU
		{AAF8F91C-444A-4771-A3C1-223296994A71}.Release|Any CPU.Build.0 = Release|Any CPU
		{190F4BAF-9C1B-490F-A95A-47A1851434C3}.Debug|Any CPU.ActiveCfg = Debug|Any CPU
		{190F4BAF-9C1B-490F-A95A-47A1851434C3}.Debug|Any CPU.Build.0 = Debug|Any CPU
		{190F4BAF-9C1B-490F-A95A-47A1851434C3}.Release|Any CPU.ActiveCfg = Release|Any CPU
		{190F4BAF-9C1B-490F-A95A-47A1851434C3}.Release|Any CPU.Build.0 = Release|Any CPU
		{815094B1-E88A-462D-A0E8-948DB21BAF24}.Debug|Any CPU.ActiveCfg = Debug|Any CPU
		{815094B1-E88A-462D-A0E8-948DB21BAF24}.Debug|Any CPU.Build.0 = Debug|Any CPU
		{815094B1-E88A-462D-A0E8-948DB21BAF24}.Release|Any CPU.ActiveCfg = Release|Any CPU
		{815094B1-E88A-462D-A0E8-948DB21BAF24}.Release|Any CPU.Build.0 = Release|Any CPU
	EndGlobalSection
	GlobalSection(SolutionProperties) = preSolution
		HideSolutionNode = FALSE
	EndGlobalSection
	GlobalSection(ExtensibilityGlobals) = postSolution
		SolutionGuid = {057FB331-2917-4847-9284-CDA6CC4759E5}
	EndGlobalSection
EndGlobal
