
Microsoft Visual Studio Solution File, Format Version 12.00
# Visual Studio Version 16
VisualStudioVersion = 16.0.30709.132
MinimumVisualStudioVersion = 10.0.40219.1
Project("{FAE04EC0-301F-11D3-BF4B-00C04F79EFBC}") = "CardCipher", "CardCipher\CardCipher.csproj", "{F8518527-7ECC-482F-8CB5-A0DF81CDFF39}"
EndProject
Project("{FAE04EC0-301F-11D3-BF4B-00C04F79EFBC}") = "CardCipherTesting", "CardCipherTesting\CardCipherTesting.csproj", "{98812477-415B-461D-A4EE-5D18F9048E76}"
EndProject
Global
	GlobalSection(SolutionConfigurationPlatforms) = preSolution
		Debug|Any CPU = Debug|Any CPU
		Release|Any CPU = Release|Any CPU
	EndGlobalSection
	GlobalSection(ProjectConfigurationPlatforms) = postSolution
		{F8518527-7ECC-482F-8CB5-A0DF81CDFF39}.Debug|Any CPU.ActiveCfg = Debug|Any CPU
		{F8518527-7ECC-482F-8CB5-A0DF81CDFF39}.Debug|Any CPU.Build.0 = Debug|Any CPU
		{F8518527-7ECC-482F-8CB5-A0DF81CDFF39}.Release|Any CPU.ActiveCfg = Release|Any CPU
		{F8518527-7ECC-482F-8CB5-A0DF81CDFF39}.Release|Any CPU.Build.0 = Release|Any CPU
		{98812477-415B-461D-A4EE-5D18F9048E76}.Debug|Any CPU.ActiveCfg = Debug|Any CPU
		{98812477-415B-461D-A4EE-5D18F9048E76}.Debug|Any CPU.Build.0 = Debug|Any CPU
		{98812477-415B-461D-A4EE-5D18F9048E76}.Release|Any CPU.ActiveCfg = Release|Any CPU
		{98812477-415B-461D-A4EE-5D18F9048E76}.Release|Any CPU.Build.0 = Release|Any CPU
	EndGlobalSection
	GlobalSection(SolutionProperties) = preSolution
		HideSolutionNode = FALSE
	EndGlobalSection
	GlobalSection(ExtensibilityGlobals) = postSolution
		SolutionGuid = {2A855720-5F67-4369-A1A3-E20EA2229063}
	EndGlobalSection
EndGlobal
