
Microsoft Visual Studio Solution File, Format Version 12.00
# Visual Studio Version 16
VisualStudioVersion = 16.0.30709.132
MinimumVisualStudioVersion = 10.0.40219.1
Project("{FAE04EC0-301F-11D3-BF4B-00C04F79EFBC}") = "Ex1", "Ex1\Ex1.csproj", "{28DE3739-C5AE-4B1D-A751-2F320C3DF1ED}"
EndProject
Project("{FAE04EC0-301F-11D3-BF4B-00C04F79EFBC}") = "Prob1", "Prob1\Prob1.csproj", "{C876D2D9-FD22-44E4-883D-DBCD9C7D54AF}"
EndProject
Project("{FAE04EC0-301F-11D3-BF4B-00C04F79EFBC}") = "Prob2", "Prob2\Prob2.csproj", "{6A7C40D3-316E-4797-A7E2-DA98B329560B}"
EndProject
Project("{FAE04EC0-301F-11D3-BF4B-00C04F79EFBC}") = "Prob3", "Prob3\Prob3.csproj", "{78066255-D125-46A1-9E78-EFBAE0C15E21}"
EndProject
Project("{FAE04EC0-301F-11D3-BF4B-00C04F79EFBC}") = "Prob4", "Prob4\Prob4.csproj", "{82A5A647-C7B5-4099-A624-40BEB64503E4}"
EndProject
Project("{FAE04EC0-301F-11D3-BF4B-00C04F79EFBC}") = "Homework", "Homework\Homework.csproj", "{B8831DAA-D94E-426A-B9C0-30A8B2D28DF2}"
EndProject
Global
	GlobalSection(SolutionConfigurationPlatforms) = preSolution
		Debug|Any CPU = Debug|Any CPU
		Release|Any CPU = Release|Any CPU
	EndGlobalSection
	GlobalSection(ProjectConfigurationPlatforms) = postSolution
		{28DE3739-C5AE-4B1D-A751-2F320C3DF1ED}.Debug|Any CPU.ActiveCfg = Debug|Any CPU
		{28DE3739-C5AE-4B1D-A751-2F320C3DF1ED}.Debug|Any CPU.Build.0 = Debug|Any CPU
		{28DE3739-C5AE-4B1D-A751-2F320C3DF1ED}.Release|Any CPU.ActiveCfg = Release|Any CPU
		{28DE3739-C5AE-4B1D-A751-2F320C3DF1ED}.Release|Any CPU.Build.0 = Release|Any CPU
		{C876D2D9-FD22-44E4-883D-DBCD9C7D54AF}.Debug|Any CPU.ActiveCfg = Debug|Any CPU
		{C876D2D9-FD22-44E4-883D-DBCD9C7D54AF}.Debug|Any CPU.Build.0 = Debug|Any CPU
		{C876D2D9-FD22-44E4-883D-DBCD9C7D54AF}.Release|Any CPU.ActiveCfg = Release|Any CPU
		{C876D2D9-FD22-44E4-883D-DBCD9C7D54AF}.Release|Any CPU.Build.0 = Release|Any CPU
		{6A7C40D3-316E-4797-A7E2-DA98B329560B}.Debug|Any CPU.ActiveCfg = Debug|Any CPU
		{6A7C40D3-316E-4797-A7E2-DA98B329560B}.Debug|Any CPU.Build.0 = Debug|Any CPU
		{6A7C40D3-316E-4797-A7E2-DA98B329560B}.Release|Any CPU.ActiveCfg = Release|Any CPU
		{6A7C40D3-316E-4797-A7E2-DA98B329560B}.Release|Any CPU.Build.0 = Release|Any CPU
		{78066255-D125-46A1-9E78-EFBAE0C15E21}.Debug|Any CPU.ActiveCfg = Debug|Any CPU
		{78066255-D125-46A1-9E78-EFBAE0C15E21}.Debug|Any CPU.Build.0 = Debug|Any CPU
		{78066255-D125-46A1-9E78-EFBAE0C15E21}.Release|Any CPU.ActiveCfg = Release|Any CPU
		{78066255-D125-46A1-9E78-EFBAE0C15E21}.Release|Any CPU.Build.0 = Release|Any CPU
		{82A5A647-C7B5-4099-A624-40BEB64503E4}.Debug|Any CPU.ActiveCfg = Debug|Any CPU
		{82A5A647-C7B5-4099-A624-40BEB64503E4}.Debug|Any CPU.Build.0 = Debug|Any CPU
		{82A5A647-C7B5-4099-A624-40BEB64503E4}.Release|Any CPU.ActiveCfg = Release|Any CPU
		{82A5A647-C7B5-4099-A624-40BEB64503E4}.Release|Any CPU.Build.0 = Release|Any CPU
		{B8831DAA-D94E-426A-B9C0-30A8B2D28DF2}.Debug|Any CPU.ActiveCfg = Debug|Any CPU
		{B8831DAA-D94E-426A-B9C0-30A8B2D28DF2}.Debug|Any CPU.Build.0 = Debug|Any CPU
		{B8831DAA-D94E-426A-B9C0-30A8B2D28DF2}.Release|Any CPU.ActiveCfg = Release|Any CPU
		{B8831DAA-D94E-426A-B9C0-30A8B2D28DF2}.Release|Any CPU.Build.0 = Release|Any CPU
	EndGlobalSection
	GlobalSection(SolutionProperties) = preSolution
		HideSolutionNode = FALSE
	EndGlobalSection
	GlobalSection(ExtensibilityGlobals) = postSolution
		SolutionGuid = {08586A57-6522-44EA-B725-2BAED067308E}
	EndGlobalSection
EndGlobal
